{
  "nodes": {
    "flake-utils": {
      "locked": {
        "lastModified": 1652776076,
        "narHash": "sha256-gzTw/v1vj4dOVbpBSJX4J0DwUR6LIyXo7/SuuTJp1kM=",
        "owner": "numtide",
        "repo": "flake-utils",
        "rev": "04c1b180862888302ddfb2e3ad9eaa63afc60cf8",
        "type": "github"
      },
      "original": {
        "owner": "numtide",
        "ref": "v1.0.0",
        "repo": "flake-utils",
        "type": "github"
      }
    },
    "nixos": {
      "locked": {
        "lastModified": 1717179513,
        "narHash": "sha256-vboIEwIQojofItm2xGCdZCzW96U85l9nDW3ifMuAIdM=",
        "owner": "NixOS",
        "repo": "nixpkgs",
        "rev": "63dacb46bf939521bdc93981b4cbb7ecb58427a0",
        "type": "github"
      },
      "original": {
        "owner": "NixOS",
        "ref": "24.05",
        "repo": "nixpkgs",
        "type": "github"
      }
    },
    "pythoneda-shared-git-shared": {
      "inputs": {
        "flake-utils": [
          "flake-utils"
        ],
        "nixos": [
          "nixos"
        ],
        "pythoneda-shared-pythonlang-banner": [
          "pythoneda-shared-pythonlang-banner"
        ],
        "pythoneda-shared-pythonlang-domain": [
          "pythoneda-shared-pythonlang-domain"
        ],
        "pythoneda-shared-pythonlang-shell": "pythoneda-shared-pythonlang-shell"
      },
      "locked": {
        "lastModified": 1732722999,
        "narHash": "sha256-m/0tIndt8zUKLqy89l5vqx9mTg+4DsMnK8T0Ne7zVPM=",
        "owner": "pythoneda-shared-git-def",
        "repo": "shared",
        "rev": "bd138dbcd024993e9a0e67db7d8f47f58f2cd564",
        "type": "github"
      },
      "original": {
        "owner": "pythoneda-shared-git-def",
        "ref": "0.0.65",
        "repo": "shared",
        "type": "github"
      }
    },
    "pythoneda-shared-pythonlang-banner": {
      "inputs": {
        "flake-utils": [
          "flake-utils"
        ],
        "nixos": [
          "nixos"
        ]
      },
      "locked": {
        "lastModified": 1732348001,
        "narHash": "sha256-KWtaUyJ+DPNhyJvjF4rESakYu5y1AIlb26MRcGa6REU=",
        "owner": "pythoneda-shared-pythonlang-def",
        "repo": "banner",
        "rev": "7c5b4e080a63d3ac1749aebe1372ed7c89f92415",
        "type": "github"
      },
      "original": {
        "owner": "pythoneda-shared-pythonlang-def",
        "ref": "0.0.69",
        "repo": "banner",
        "type": "github"
      }
    },
    "pythoneda-shared-pythonlang-domain": {
      "inputs": {
        "flake-utils": [
          "pythoneda-shared-git-shared",
          "pythoneda-shared-pythonlang-shell",
          "flake-utils"
        ],
        "nixos": [
          "pythoneda-shared-git-shared",
          "pythoneda-shared-pythonlang-shell",
          "nixos"
        ],
        "pythoneda-shared-pythonlang-banner": [
          "pythoneda-shared-git-shared",
          "pythoneda-shared-pythonlang-shell",
          "pythoneda-shared-pythonlang-banner"
        ]
      },
      "locked": {
        "lastModified": 1732632346,
        "narHash": "sha256-28KSvdIGBsMAoJzugtrH+K8iMDyCM7rBy9+mSp9knhg=",
        "owner": "pythoneda-shared-pythonlang-def",
        "repo": "domain",
        "rev": "c5a750ce25171b72ca6b57f42df629d92c2d9490",
        "type": "github"
      },
      "original": {
        "owner": "pythoneda-shared-pythonlang-def",
        "ref": "0.0.86",
        "repo": "domain",
        "type": "github"
      }
    },
    "pythoneda-shared-pythonlang-domain_2": {
      "inputs": {
        "flake-utils": [
          "flake-utils"
        ],
        "nixos": [
          "nixos"
        ],
        "pythoneda-shared-pythonlang-banner": [
          "pythoneda-shared-pythonlang-banner"
        ]
      },
      "locked": {
        "lastModified": 1732722422,
        "narHash": "sha256-kL2QnnOiT1h6Sqpg3Y8kzvngMU+9APinhXz7EjlNJgQ=",
        "owner": "pythoneda-shared-pythonlang-def",
        "repo": "domain",
        "rev": "f8cad8b76f5007c243c89ae2b6dd0dff543502ac",
        "type": "github"
      },
      "original": {
        "owner": "pythoneda-shared-pythonlang-def",
        "ref": "0.0.87",
        "repo": "domain",
        "type": "github"
      }
    },
    "pythoneda-shared-pythonlang-shell": {
      "inputs": {
        "flake-utils": [
          "pythoneda-shared-git-shared",
          "flake-utils"
        ],
        "nixos": [
          "pythoneda-shared-git-shared",
          "nixos"
        ],
        "pythoneda-shared-pythonlang-banner": [
          "pythoneda-shared-git-shared",
          "pythoneda-shared-pythonlang-banner"
        ],
        "pythoneda-shared-pythonlang-domain": "pythoneda-shared-pythonlang-domain"
      },
      "locked": {
        "lastModified": 1732632694,
        "narHash": "sha256-Q6uTHkeBNZCjLET+sVBOlIQGI8+YFg5p2eZct6DLPjw=",
        "owner": "pythoneda-shared-pythonlang-def",
        "repo": "shell",
        "rev": "afa36f0c6f0bdc83bbef283d4067361fba653341",
        "type": "github"
      },
      "original": {
        "owner": "pythoneda-shared-pythonlang-def",
        "ref": "0.0.32",
        "repo": "shell",
        "type": "github"
      }
    },
    "root": {
      "inputs": {
        "flake-utils": "flake-utils",
        "nixos": "nixos",
        "pythoneda-shared-git-shared": "pythoneda-shared-git-shared",
        "pythoneda-shared-pythonlang-banner": "pythoneda-shared-pythonlang-banner",
        "pythoneda-shared-pythonlang-domain": "pythoneda-shared-pythonlang-domain_2"
      }
    }
  },
  "root": "root",
  "version": 7
}
